
Microsoft Visual Studio Solution File, Format Version 12.00
# Visual Studio Version 16
VisualStudioVersion = 16.0.30011.22
MinimumVisualStudioVersion = 10.0.40219.1
Project("{FAE04EC0-301F-11D3-BF4B-00C04F79EFBC}") = "dataSetCreator", "dataSetCreator.csproj", "{EC6158B7-A202-4DC5-BF09-5FB55F0AB217}"
EndProject
Project("{FAE04EC0-301F-11D3-BF4B-00C04F79EFBC}") = "Panoramic", "E:\programming\Panoramic\Panoramic.csproj", "{F7538BE9-D065-4508-A5B3-3FD936893BAD}"
EndProject
Global
	GlobalSection(SolutionConfigurationPlatforms) = preSolution
		Debug|Any CPU = Debug|Any CPU
		Release|Any CPU = Release|Any CPU
	EndGlobalSection
	GlobalSection(ProjectConfigurationPlatforms) = postSolution
		{EC6158B7-A202-4DC5-BF09-5FB55F0AB217}.Debug|Any CPU.ActiveCfg = Debug|Any CPU
		{EC6158B7-A202-4DC5-BF09-5FB55F0AB217}.Debug|Any CPU.Build.0 = Debug|Any CPU
		{EC6158B7-A202-4DC5-BF09-5FB55F0AB217}.Release|Any CPU.ActiveCfg = Release|Any CPU
		{EC6158B7-A202-4DC5-BF09-5FB55F0AB217}.Release|Any CPU.Build.0 = Release|Any CPU
		{F7538BE9-D065-4508-A5B3-3FD936893BAD}.Debug|Any CPU.ActiveCfg = Debug|Any CPU
		{F7538BE9-D065-4508-A5B3-3FD936893BAD}.Debug|Any CPU.Build.0 = Debug|Any CPU
		{F7538BE9-D065-4508-A5B3-3FD936893BAD}.Release|Any CPU.ActiveCfg = Release|Any CPU
		{F7538BE9-D065-4508-A5B3-3FD936893BAD}.Release|Any CPU.Build.0 = Release|Any CPU
	EndGlobalSection
	GlobalSection(SolutionProperties) = preSolution
		HideSolutionNode = FALSE
	EndGlobalSection
	GlobalSection(ExtensibilityGlobals) = postSolution
		SolutionGuid = {C9ACE0C7-21C2-42B9-950F-FC6ABC3AC48C}
	EndGlobalSection
EndGlobal
